// !$*UTF8*$!
{
	archiveVersion = 1;
	classes = {
	};
	objectVersion = 46;
	objects = {

/* Begin PBXBuildFile section */
		29CBC4E41AA149DF0067E2E3 /* main.m in Sources */ = {isa = PBXBuildFile; fileRef = 29CBC4E31AA149DF0067E2E3 /* main.m */; };
		29CBC4E71AA149DF0067E2E3 /* AppDelegate.m in Sources */ = {isa = PBXBuildFile; fileRef = 29CBC4E61AA149DF0067E2E3 /* AppDelegate.m */; };
		29CBC4EA1AA149DF0067E2E3 /* ViewController.m in Sources */ = {isa = PBXBuildFile; fileRef = 29CBC4E91AA149DF0067E2E3 /* ViewController.m */; };
		29CBC4ED1AA149DF0067E2E3 /* Main.storyboard in Resources */ = {isa = PBXBuildFile; fileRef = 29CBC4EB1AA149DF0067E2E3 /* Main.storyboard */; };
		29CBC4EF1AA149DF0067E2E3 /* Images.xcassets in Resources */ = {isa = PBXBuildFile; fileRef = 29CBC4EE1AA149DF0067E2E3 /* Images.xcassets */; };
		29CBC4F21AA149DF0067E2E3 /* LaunchScreen.xib in Resources */ = {isa = PBXBuildFile; fileRef = 29CBC4F01AA149DF0067E2E3 /* LaunchScreen.xib */; };
		29CBC4FE1AA149DF0067E2E3 /* Bound_BreakerTests.m in Sources */ = {isa = PBXBuildFile; fileRef = 29CBC4FD1AA149DF0067E2E3 /* Bound_BreakerTests.m */; };
/* End PBXBuildFile section */

/* Begin PBXContainerItemProxy section */
		29CBC4F81AA149DF0067E2E3 /* PBXContainerItemProxy */ = {
			isa = PBXContainerItemProxy;
			containerPortal = 29CBC4D61AA149DF0067E2E3 /* Project object */;
			proxyType = 1;
			remoteGlobalIDString = 29CBC4DD1AA149DF0067E2E3;
			remoteInfo = "Bound Breaker";
		};
/* End PBXContainerItemProxy section */

/* Begin PBXFileReference section */
		29CBC4DE1AA149DF0067E2E3 /* Bound Breaker.app */ = {isa = PBXFileReference; explicitFileType = wrapper.application; includeInIndex = 0; path = "Bound Breaker.app"; sourceTree = BUILT_PRODUCTS_DIR; };
		29CBC4E21AA149DF0067E2E3 /* Info.plist */ = {isa = PBXFileReference; lastKnownFileType = text.plist.xml; path = Info.plist; sourceTree = "<group>"; };
		29CBC4E31AA149DF0067E2E3 /* main.m */ = {isa = PBXFileReference; lastKnownFileType = sourcecode.c.objc; path = main.m; sourceTree = "<group>"; };
		29CBC4E51AA149DF0067E2E3 /* AppDelegate.h */ = {isa = PBXFileReference; lastKnownFileType = sourcecode.c.h; path = AppDelegate.h; sourceTree = "<group>"; };
		29CBC4E61AA149DF0067E2E3 /* AppDelegate.m */ = {isa = PBXFileReference; lastKnownFileType = sourcecode.c.objc; path = AppDelegate.m; sourceTree = "<group>"; };
		29CBC4E81AA149DF0067E2E3 /* ViewController.h */ = {isa = PBXFileReference; lastKnownFileType = sourcecode.c.h; path = ViewController.h; sourceTree = "<group>"; };
		29CBC4E91AA149DF0067E2E3 /* ViewController.m */ = {isa = PBXFileReference; lastKnownFileType = sourcecode.c.objc; path = ViewController.m; sourceTree = "<group>"; };
		29CBC4EC1AA149DF0067E2E3 /* Base */ = {isa = PBXFileReference; lastKnownFileType = file.storyboard; name = Base; path = Base.lproj/Main.storyboard; sourceTree = "<group>"; };
		29CBC4EE1AA149DF0067E2E3 /* Images.xcassets */ = {isa = PBXFileReference; lastKnownFileType = folder.assetcatalog; path = Images.xcassets; sourceTree = "<group>"; };
		29CBC4F11AA149DF0067E2E3 /* Base */ = {isa = PBXFileReference; lastKnownFileType = file.xib; name = Base; path = Base.lproj/LaunchScreen.xib; sourceTree = "<group>"; };
		29CBC4F71AA149DF0067E2E3 /* Bound BreakerTests.xctest */ = {isa = PBXFileReference; explicitFileType = wrapper.cfbundle; includeInIndex = 0; path = "Bound BreakerTests.xctest"; sourceTree = BUILT_PRODUCTS_DIR; };
		29CBC4FC1AA149DF0067E2E3 /* Info.plist */ = {isa = PBXFileReference; lastKnownFileType = text.plist.xml; path = Info.plist; sourceTree = "<group>"; };
		29CBC4FD1AA149DF0067E2E3 /* Bound_BreakerTests.m */ = {isa = PBXFileReference; lastKnownFileType = sourcecode.c.objc; path = Bound_BreakerTests.m; sourceTree = "<group>"; };
/* End PBXFileReference section */

/* Begin PBXFrameworksBuildPhase section */
		29CBC4DB1AA149DF0067E2E3 /* Frameworks */ = {
			isa = PBXFrameworksBuildPhase;
			buildActionMask = 2147483647;
			files = (
			);
			runOnlyForDeploymentPostprocessing = 0;
		};
		29CBC4F41AA149DF0067E2E3 /* Frameworks */ = {
			isa = PBXFrameworksBuildPhase;
			buildActionMask = 2147483647;
			files = (
			);
			runOnlyForDeploymentPostprocessing = 0;
		};
/* End PBXFrameworksBuildPhase section */

/* Begin PBXGroup section */
		29CBC4D51AA149DF0067E2E3 = {
			isa = PBXGroup;
			children = (
				29CBC4E01AA149DF0067E2E3 /* Bound Breaker */,
				29CBC4FA1AA149DF0067E2E3 /* Bound BreakerTests */,
				29CBC4DF1AA149DF0067E2E3 /* Products */,
			);
			sourceTree = "<group>";
		};
		29CBC4DF1AA149DF0067E2E3 /* Products */ = {
			isa = PBXGroup;
			children = (
				29CBC4DE1AA149DF0067E2E3 /* Bound Breaker.app */,
				29CBC4F71AA149DF0067E2E3 /* Bound BreakerTests.xctest */,
			);
			name = Products;
			sourceTree = "<group>";
		};
		29CBC4E01AA149DF0067E2E3 /* Bound Breaker */ = {
			isa = PBXGroup;
			children = (
				29CBC4E51AA149DF0067E2E3 /* AppDelegate.h */,
				29CBC4E61AA149DF0067E2E3 /* AppDelegate.m */,
				29CBC4E81AA149DF0067E2E3 /* ViewController.h */,
				29CBC4E91AA149DF0067E2E3 /* ViewController.m */,
				29CBC4EB1AA149DF0067E2E3 /* Main.storyboard */,
				29CBC4EE1AA149DF0067E2E3 /* Images.xcassets */,
				29CBC4F01AA149DF0067E2E3 /* LaunchScreen.xib */,
				29CBC4E11AA149DF0067E2E3 /* Supporting Files */,
			);
			path = "Bound Breaker";
			sourceTree = "<group>";
		};
		29CBC4E11AA149DF0067E2E3 /* Supporting Files */ = {
			isa = PBXGroup;
			children = (
				29CBC4E21AA149DF0067E2E3 /* Info.plist */,
				29CBC4E31AA149DF0067E2E3 /* main.m */,
			);
			name = "Supporting Files";
			sourceTree = "<group>";
		};
		29CBC4FA1AA149DF0067E2E3 /* Bound BreakerTests */ = {
			isa = PBXGroup;
			children = (
				29CBC4FD1AA149DF0067E2E3 /* Bound_BreakerTests.m */,
				29CBC4FB1AA149DF0067E2E3 /* Supporting Files */,
			);
			path = "Bound BreakerTests";
			sourceTree = "<group>";
		};
		29CBC4FB1AA149DF0067E2E3 /* Supporting Files */ = {
			isa = PBXGroup;
			children = (
				29CBC4FC1AA149DF0067E2E3 /* Info.plist */,
			);
			name = "Supporting Files";
			sourceTree = "<group>";
		};
/* End PBXGroup section */

/* Begin PBXNativeTarget section */
		29CBC4DD1AA149DF0067E2E3 /* Bound Breaker */ = {
			isa = PBXNativeTarget;
			buildConfigurationList = 29CBC5011AA149DF0067E2E3 /* Build configuration list for PBXNativeTarget "Bound Breaker" */;
			buildPhases = (
				29CBC4DA1AA149DF0067E2E3 /* Sources */,
				29CBC4DB1AA149DF0067E2E3 /* Frameworks */,
				29CBC4DC1AA149DF0067E2E3 /* Resources */,
			);
			buildRules = (
			);
			dependencies = (
			);
			name = "Bound Breaker";
			productName = "Bound Breaker";
			productReference = 29CBC4DE1AA149DF0067E2E3 /* Bound Breaker.app */;
			productType = "com.apple.product-type.application";
		};
		29CBC4F61AA149DF0067E2E3 /* Bound BreakerTests */ = {
			isa = PBXNativeTarget;
			buildConfigurationList = 29CBC5041AA149DF0067E2E3 /* Build configuration list for PBXNativeTarget "Bound BreakerTests" */;
			buildPhases = (
				29CBC4F31AA149DF0067E2E3 /* Sources */,
				29CBC4F41AA149DF0067E2E3 /* Frameworks */,
				29CBC4F51AA149DF0067E2E3 /* Resources */,
			);
			buildRules = (
			);
			dependencies = (
				29CBC4F91AA149DF0067E2E3 /* PBXTargetDependency */,
			);
			name = "Bound BreakerTests";
			productName = "Bound BreakerTests";
			productReference = 29CBC4F71AA149DF0067E2E3 /* Bound BreakerTests.xctest */;
			productType = "com.apple.product-type.bundle.unit-test";
		};
/* End PBXNativeTarget section */

/* Begin PBXProject section */
		29CBC4D61AA149DF0067E2E3 /* Project object */ = {
			isa = PBXProject;
			attributes = {
				LastUpgradeCheck = 0610;
				TargetAttributes = {
					29CBC4DD1AA149DF0067E2E3 = {
						CreatedOnToolsVersion = 6.1.1;
					};
					29CBC4F61AA149DF0067E2E3 = {
						CreatedOnToolsVersion = 6.1.1;
						TestTargetID = 29CBC4DD1AA149DF0067E2E3;
					};
				};
			};
			buildConfigurationList = 29CBC4D91AA149DF0067E2E3 /* Build configuration list for PBXProject "Bound Breaker" */;
			compatibilityVersion = "Xcode 3.2";
			developmentRegion = English;
			hasScannedForEncodings = 0;
			knownRegions = (
				en,
				Base,
			);
			mainGroup = 29CBC4D51AA149DF0067E2E3;
			productRefGroup = 29CBC4DF1AA149DF0067E2E3 /* Products */;
			projectDirPath = "";
			projectRoot = "";
			targets = (
				29CBC4DD1AA149DF0067E2E3 /* Bound Breaker */,
				29CBC4F61AA149DF0067E2E3 /* Bound BreakerTests */,
			);
		};
/* End PBXProject section */

/* Begin PBXResourcesBuildPhase section */
		29CBC4DC1AA149DF0067E2E3 /* Resources */ = {
			isa = PBXResourcesBuildPhase;
			buildActionMask = 2147483647;
			files = (
				29CBC4ED1AA149DF0067E2E3 /* Main.storyboard in Resources */,
				29CBC4F21AA149DF0067E2E3 /* LaunchScreen.xib in Resources */,
				29CBC4EF1AA149DF0067E2E3 /* Images.xcassets in Resources */,
			);
			runOnlyForDeploymentPostprocessing = 0;
		};
		29CBC4F51AA149DF0067E2E3 /* Resources */ = {
			isa = PBXResourcesBuildPhase;
			buildActionMask = 2147483647;
			files = (
			);
			runOnlyForDeploymentPostprocessing = 0;
		};
/* End PBXResourcesBuildPhase section */

/* Begin PBXSourcesBuildPhase section */
		29CBC4DA1AA149DF0067E2E3 /* Sources */ = {
			isa = PBXSourcesBuildPhase;
			buildActionMask = 2147483647;
			files = (
				29CBC4EA1AA149DF0067E2E3 /* ViewController.m in Sources */,
				29CBC4E71AA149DF0067E2E3 /* AppDelegate.m in Sources */,
				29CBC4E41AA149DF0067E2E3 /* main.m in Sources */,
			);
			runOnlyForDeploymentPostprocessing = 0;
		};
		29CBC4F31AA149DF0067E2E3 /* Sources */ = {
			isa = PBXSourcesBuildPhase;
			buildActionMask = 2147483647;
			files = (
				29CBC4FE1AA149DF0067E2E3 /* Bound_BreakerTests.m in Sources */,
			);
			runOnlyForDeploymentPostprocessing = 0;
		};
/* End PBXSourcesBuildPhase section */

/* Begin PBXTargetDependency section */
		29CBC4F91AA149DF0067E2E3 /* PBXTargetDependency */ = {
			isa = PBXTargetDependency;
			target = 29CBC4DD1AA149DF0067E2E3 /* Bound Breaker */;
			targetProxy = 29CBC4F81AA149DF0067E2E3 /* PBXContainerItemProxy */;
		};
/* End PBXTargetDependency section */

/* Begin PBXVariantGroup section */
		29CBC4EB1AA149DF0067E2E3 /* Main.storyboard */ = {
			isa = PBXVariantGroup;
			children = (
				29CBC4EC1AA149DF0067E2E3 /* Base */,
			);
			name = Main.storyboard;
			sourceTree = "<group>";
		};
		29CBC4F01AA149DF0067E2E3 /* LaunchScreen.xib */ = {
			isa = PBXVariantGroup;
			children = (
				29CBC4F11AA149DF0067E2E3 /* Base */,
			);
			name = LaunchScreen.xib;
			sourceTree = "<group>";
		};
/* End PBXVariantGroup section */

/* Begin XCBuildConfiguration section */
		29CBC4FF1AA149DF0067E2E3 /* Debug */ = {
			isa = XCBuildConfiguration;
			buildSettings = {
				ALWAYS_SEARCH_USER_PATHS = NO;
				CLANG_CXX_LANGUAGE_STANDARD = "gnu++0x";
				CLANG_CXX_LIBRARY = "libc++";
				CLANG_ENABLE_MODULES = YES;
				CLANG_ENABLE_OBJC_ARC = YES;
				CLANG_WARN_BOOL_CONVERSION = YES;
				CLANG_WARN_CONSTANT_CONVERSION = YES;
				CLANG_WARN_DIRECT_OBJC_ISA_USAGE = YES_ERROR;
				CLANG_WARN_EMPTY_BODY = YES;
				CLANG_WARN_ENUM_CONVERSION = YES;
				CLANG_WARN_INT_CONVERSION = YES;
				CLANG_WARN_OBJC_ROOT_CLASS = YES_ERROR;
				CLANG_WARN_UNREACHABLE_CODE = YES;
				CLANG_WARN__DUPLICATE_METHOD_MATCH = YES;
				"CODE_SIGN_IDENTITY[sdk=iphoneos*]" = "iPhone Developer";
				COPY_PHASE_STRIP = NO;
				ENABLE_STRICT_OBJC_MSGSEND = YES;
				GCC_C_LANGUAGE_STANDARD = gnu99;
				GCC_DYNAMIC_NO_PIC = NO;
				GCC_OPTIMIZATION_LEVEL = 0;
				GCC_PREPROCESSOR_DEFINITIONS = (
					"DEBUG=1",
					"$(inherited)",
				);
				GCC_SYMBOLS_PRIVATE_EXTERN = NO;
				GCC_WARN_64_TO_32_BIT_CONVERSION = YES;
				GCC_WARN_ABOUT_RETURN_TYPE = YES_ERROR;
				GCC_WARN_UNDECLARED_SELECTOR = YES;
				GCC_WARN_UNINITIALIZED_AUTOS = YES_AGGRESSIVE;
				GCC_WARN_UNUSED_FUNCTION = YES;
				GCC_WARN_UNUSED_VARIABLE = YES;
				IPHONEOS_DEPLOYMENT_TARGET = 8.1;
				MTL_ENABLE_DEBUG_INFO = YES;
				ONLY_ACTIVE_ARCH = YES;
				SDKROOT = iphoneos;
			};
			name = Debug;
		};
		29CBC5001AA149DF0067E2E3 /* Release */ = {
			isa = XCBuildConfiguration;
			buildSettings = {
				ALWAYS_SEARCH_USER_PATHS = NO;
				CLANG_CXX_LANGUAGE_STANDARD = "gnu++0x";
				CLANG_CXX_LIBRARY = "libc++";
				CLANG_ENABLE_MODULES = YES;
				CLANG_ENABLE_OBJC_ARC = YES;
				CLANG_WARN_BOOL_CONVERSION = YES;
				CLANG_WARN_CONSTANT_CONVERSION = YES;
				CLANG_WARN_DIRECT_OBJC_ISA_USAGE = YES_ERROR;
				CLANG_WARN_EMPTY_BODY = YES;
				CLANG_WARN_ENUM_CONVERSION = YES;
				CLANG_WARN_INT_CONVERSION = YES;
				CLANG_WARN_OBJC_ROOT_CLASS = YES_ERROR;
				CLANG_WARN_UNREACHABLE_CODE = YES;
				CLANG_WARN__DUPLICATE_METHOD_MATCH = YES;
				"CODE_SIGN_IDENTITY[sdk=iphoneos*]" = "iPhone Developer";
				COPY_PHASE_STRIP = YES;
				ENABLE_NS_ASSERTIONS = NO;
				ENABLE_STRICT_OBJC_MSGSEND = YES;
				GCC_C_LANGUAGE_STANDARD = gnu99;
				GCC_WARN_64_TO_32_BIT_CONVERSION = YES;
				GCC_WARN_ABOUT_RETURN_TYPE = YES_ERROR;
				GCC_WARN_UNDECLARED_SELECTOR = YES;
				GCC_WARN_UNINITIALIZED_AUTOS = YES_AGGRESSIVE;
				GCC_WARN_UNUSED_FUNCTION = YES;
				GCC_WARN_UNUSED_VARIABLE = YES;
				IPHONEOS_DEPLOYMENT_TARGET = 8.1;
				MTL_ENABLE_DEBUG_INFO = NO;
				SDKROOT = iphoneos;
				VALIDATE_PRODUCT = YES;
			};
			name = Release;
		};
		29CBC5021AA149DF0067E2E3 /* Debug */ = {
			isa = XCBuildConfiguration;
			buildSettings = {
				ASSETCATALOG_COMPILER_APPICON_NAME = AppIcon;
				INFOPLIST_FILE = "Bound Breaker/Info.plist";
				LD_RUNPATH_SEARCH_PATHS = "$(inherited) @executable_path/Frameworks";
				PRODUCT_NAME = "$(TARGET_NAME)";
			};
			name = Debug;
		};
		29CBC5031AA149DF0067E2E3 /* Release */ = {
			isa = XCBuildConfiguration;
			buildSettings = {
				ASSETCATALOG_COMPILER_APPICON_NAME = AppIcon;
				INFOPLIST_FILE = "Bound Breaker/Info.plist";
				LD_RUNPATH_SEARCH_PATHS = "$(inherited) @executable_path/Frameworks";
				PRODUCT_NAME = "$(TARGET_NAME)";
			};
			name = Release;
		};
		29CBC5051AA149DF0067E2E3 /* Debug */ = {
			isa = XCBuildConfiguration;
			buildSettings = {
				BUNDLE_LOADER = "$(TEST_HOST)";
				FRAMEWORK_SEARCH_PATHS = (
					"$(SDKROOT)/Developer/Library/Frameworks",
					"$(inherited)",
				);
				GCC_PREPROCESSOR_DEFINITIONS = (
					"DEBUG=1",
					"$(inherited)",
				);
				INFOPLIST_FILE = "Bound BreakerTests/Info.plist";
				LD_RUNPATH_SEARCH_PATHS = "$(inherited) @executable_path/Frameworks @loader_path/Frameworks";
				PRODUCT_NAME = "$(TARGET_NAME)";
				TEST_HOST = "$(BUILT_PRODUCTS_DIR)/Bound Breaker.app/Bound Breaker";
			};
			name = Debug;
		};
		29CBC5061AA149DF0067E2E3 /* Release */ = {
			isa = XCBuildConfiguration;
			buildSettings = {
				BUNDLE_LOADER = "$(TEST_HOST)";
				FRAMEWORK_SEARCH_PATHS = (
					"$(SDKROOT)/Developer/Library/Frameworks",
					"$(inherited)",
				);
				INFOPLIST_FILE = "Bound BreakerTests/Info.plist";
				LD_RUNPATH_SEARCH_PATHS = "$(inherited) @executable_path/Frameworks @loader_path/Frameworks";
				PRODUCT_NAME = "$(TARGET_NAME)";
				TEST_HOST = "$(BUILT_PRODUCTS_DIR)/Bound Breaker.app/Bound Breaker";
			};
			name = Release;
		};
/* End XCBuildConfiguration section */

/* Begin XCConfigurationList section */
		29CBC4D91AA149DF0067E2E3 /* Build configuration list for PBXProject "Bound Breaker" */ = {
			isa = XCConfigurationList;
			buildConfigurations = (
				29CBC4FF1AA149DF0067E2E3 /* Debug */,
				29CBC5001AA149DF0067E2E3 /* Release */,
			);
			defaultConfigurationIsVisible = 0;
			defaultConfigurationName = Release;
		};
		29CBC5011AA149DF0067E2E3 /* Build configuration list for PBXNativeTarget "Bound Breaker" */ = {
			isa = XCConfigurationList;
			buildConfigurations = (
				29CBC5021AA149DF0067E2E3 /* Debug */,
				29CBC5031AA149DF0067E2E3 /* Release */,
			);
			defaultConfigurationIsVisible = 0;
		};
		29CBC5041AA149DF0067E2E3 /* Build configuration list for PBXNativeTarget "Bound BreakerTests" */ = {
			isa = XCConfigurationList;
			buildConfigurations = (
				29CBC5051AA149DF0067E2E3 /* Debug */,
				29CBC5061AA149DF0067E2E3 /* Release */,
			);
			defaultConfigurationIsVisible = 0;
		};
/* End XCConfigurationList section */
	};
	rootObject = 29CBC4D61AA149DF0067E2E3 /* Project object */;
}
